version = 1
revision = 1
requires-python = ">=3.11"

[[package]]
name = "doip-definitions"
version = "3.0.1"
source = { editable = "." }
dependencies = [
    { name = "maturin" },
]

[package.metadata]
requires-dist = [{ name = "maturin" }]

[[package]]
name = "maturin"
version = "1.8.2"
source = { registry = "https://pypi.org/simple" }
sdist = { url = "https://files.pythonhosted.org/packages/e0/8f/6978427ce3f72b189012e1731d1d2d27b3151caa741666c905320e0a3662/maturin-1.8.2.tar.gz", hash = "sha256:e31abc70f6f93285d6e63d2f4459c079c94c259dd757370482d2d4ceb9ec1fa0", size = 199276 }
wheels = [
    { url = "https://files.pythonhosted.org/packages/67/7a/8fbcaf8f29e583567b21512aa56012fbe5f3e4293ae18a768f4106d584d5/maturin-1.8.2-py3-none-linux_armv6l.whl", hash = "sha256:174cb81c573c4a74be96b4e4469ac84e543cff75850fe2728a8eebb5f4d7b613", size = 7676631 },
    { url = "https://files.pythonhosted.org/packages/c8/88/e17f71a34d4c99558e33c2c3de2c53c4ec01e3fa1c931ba0a8cdc805ebc5/maturin-1.8.2-py3-none-macosx_10_12_x86_64.macosx_11_0_arm64.macosx_10_12_universal2.whl", hash = "sha256:63ff7f612da90a26838a9c03aa8a80bab8b4e26f63e3df6ddb0e818394eb0aeb", size = 15126750 },
    { url = "https://files.pythonhosted.org/packages/cb/fa/aab9005b0edaeb04a47cc47b07fa4afa25484d2f72217b276e2a446b795f/maturin-1.8.2-py3-none-macosx_10_12_x86_64.whl", hash = "sha256:c91504b4f05b07d0a9fb47c2a2a39c074328b6bc8f252190240e431f5f7ea8d7", size = 7885398 },
    { url = "https://files.pythonhosted.org/packages/24/59/0f12db41e683d82a48f92ac5499c89faa416036b3c3a7379b71aa1ce0ccb/maturin-1.8.2-py3-none-manylinux_2_12_i686.manylinux2010_i686.musllinux_1_1_i686.whl", hash = "sha256:05e3a2aa9611afa5e1205dfa1434607f9d8e223d613a8a7c85540a159af688c0", size = 7754886 },
    { url = "https://files.pythonhosted.org/packages/03/94/b9cb42cb5706389692b24f4691645e0b980708e46c9f008e89f4bb92a497/maturin-1.8.2-py3-none-manylinux_2_12_x86_64.manylinux2010_x86_64.musllinux_1_1_x86_64.whl", hash = "sha256:b408093e49d6d4ab98066eefd0fac64b01eb7af639e9b3151660c5fa96ce147c", size = 8226047 },
    { url = "https://files.pythonhosted.org/packages/1e/38/63c8198a626407b1cefa37670f9d995616249f541ed9616252895bb2710b/maturin-1.8.2-py3-none-manylinux_2_17_aarch64.manylinux2014_aarch64.musllinux_1_1_aarch64.whl", hash = "sha256:638c66616f9b10060197c48d9e1eedf444d975699d9cd829138e69014554cda7", size = 7485993 },
    { url = "https://files.pythonhosted.org/packages/d3/f3/8d7308902ab190a71c80bda92f3b72d446067fdf40a4c29d5de8e379f598/maturin-1.8.2-py3-none-manylinux_2_17_armv7l.manylinux2014_armv7l.musllinux_1_1_armv7l.whl", hash = "sha256:c2001b5c57e0dbf5992be56b93ffa897d4bcd0d6ca3de448e381b621225d4d87", size = 7570380 },
    { url = "https://files.pythonhosted.org/packages/06/49/5458df84167506023b934b71488e75aa4a2f9af005f5659d9915adedca55/maturin-1.8.2-py3-none-manylinux_2_17_ppc64le.manylinux2014_ppc64le.musllinux_1_1_ppc64le.whl", hash = "sha256:e015a5534aefb568b96a9cc7bc58995b1d90b5e2a44455d79e4f073a88cb0c83", size = 9811532 },
    { url = "https://files.pythonhosted.org/packages/d9/52/deb373d1a046287e6f77146204524adbf70184c5510ed95aab882570c69d/maturin-1.8.2-py3-none-manylinux_2_17_s390x.manylinux2014_s390x.whl", hash = "sha256:5e624f73cb7fbfd8042e8c5cc5c11f58bede23a7931ea3ea9839812f5bd362fc", size = 10910211 },
    { url = "https://files.pythonhosted.org/packages/da/b8/f0475031de5f5328c8b2bbb9b50503a6b0a58b3c5cbe50a656c418ca7435/maturin-1.8.2-py3-none-win32.whl", hash = "sha256:4a62268975f98885a04ae9f0df875b304e4f8c1f0d989e8a7ab18e42793126ee", size = 6980868 },
    { url = "https://files.pythonhosted.org/packages/a2/f3/a67264d4ae3bf61a73abf616eba59543e0c8d182a77230703380f1858494/maturin-1.8.2-py3-none-win_amd64.whl", hash = "sha256:b6b29811013056f46a1e0b7f26907ae080028be65102d4fb23fbdf86847fffbd", size = 7886565 },
    { url = "https://files.pythonhosted.org/packages/5e/df/3641646696277249407c923795825176403c208a6553e0fd21b6764038b5/maturin-1.8.2-py3-none-win_arm64.whl", hash = "sha256:4232c2380faf61862d27269c6acf14e1d542c4ba64086a3f5c356d6e5e4823e7", size = 6656754 },
]
